
Microsoft Visual Studio Solution File, Format Version 12.00
# Visual Studio Version 17
VisualStudioVersion = 17.11.35303.130
MinimumVisualStudioVersion = 10.0.40219.1
Project("{FAE04EC0-301F-11D3-BF4B-00C04F79EFBC}") = "Weddeberekening", "Weddeberekening\Weddeberekening.csproj", "{958B04C7-C48C-41EB-A467-42F204ABB23B}"
EndProject
Global
	GlobalSection(SolutionConfigurationPlatforms) = preSolution
		Debug|Any CPU = Debug|Any CPU
		Release|Any CPU = Release|Any CPU
	EndGlobalSection
	GlobalSection(ProjectConfigurationPlatforms) = postSolution
		{958B04C7-C48C-41EB-A467-42F204ABB23B}.Debug|Any CPU.ActiveCfg = Debug|Any CPU
		{958B04C7-C48C-41EB-A467-42F204ABB23B}.Debug|Any CPU.Build.0 = Debug|Any CPU
		{958B04C7-C48C-41EB-A467-42F204ABB23B}.Release|Any CPU.ActiveCfg = Release|Any CPU
		{958B04C7-C48C-41EB-A467-42F204ABB23B}.Release|Any CPU.Build.0 = Release|Any CPU
	EndGlobalSection
	GlobalSection(SolutionProperties) = preSolution
		HideSolutionNode = FALSE
	EndGlobalSection
	GlobalSection(ExtensibilityGlobals) = postSolution
		SolutionGuid = {C3345CF1-1F4A-4020-BB9C-B2D6A24E6BDB}
	EndGlobalSection
EndGlobal
